<?xml version="1.0" encoding="utf-8"?>
<Project ToolsVersion="4.0" xmlns="http://schemas.microsoft.com/developer/msbuild/2003">
  <ItemGroup>
    <Filter Include="Source Files">
      <UniqueIdentifier>{4FC737F1-C7A5-4376-A066-2A32D752A2FF}</UniqueIdentifier>
      <Extensions>cpp;c;cc;cxx;def;odl;idl;hpj;bat;asm;asmx</Extensions>
    </Filter>
    <Filter Include="Header Files">
      <UniqueIdentifier>{93995380-89BD-4b04-88EB-625FBE52EBFB}</UniqueIdentifier>
      <Extensions>h;hpp;hxx;hm;inl;inc;xsd</Extensions>
    </Filter>
    <Filter Include="Resource Files">
      <UniqueIdentifier>{67DA6AB6-F800-4c08-8B7A-83BB121AAD01}</UniqueIdentifier>
      <Extensions>rc;ico;cur;bmp;dlg;rc2;rct;bin;rgs;gif;jpg;jpeg;jpe;resx;tiff;tif;png;wav;mfcribbon-ms</Extensions>
    </Filter>
    <Filter Include="Driver Files">
      <UniqueIdentifier>{8E41214B-6785-4CFE-B992-037D68949A14}</UniqueIdentifier>
      <Extensions>inf;inv;inx;mof;mc;</Extensions>
    </Filter>
    <Filter Include="Header Files\Commons">
      <UniqueIdentifier>{04831c1c-b78c-4a0f-8710-574e749bd48c}</UniqueIdentifier>
    </Filter>
    <Filter Include="Build Files">
      <UniqueIdentifier>{f09b1e85-8825-498a-82f3-afcdc520c160}</UniqueIdentifier>
    </Filter>
    <Filter Include="Source Files\Commons">
      <UniqueIdentifier>{a1307585-e344-42ab-99a8-8095716bbc9f}</UniqueIdentifier>
    </Filter>
  </ItemGroup>
  <ItemGroup>
    <ClCompile Include="driver.c">
      <Filter>Source Files</Filter>
    </ClCompile>
    <ClCompile Include="dispatch.c">
      <Filter>Source Files</Filter>
    </ClCompile>
    <ClCompile Include="functions.c">
      <Filter>Source Files</Filter>
    </ClCompile>
    <ClCompile Include="sha.c">
      <Filter>Source Files</Filter>
    </ClCompile>
    <ClCompile Include="controlfunctions.c">
      <Filter>Source Files</Filter>
    </ClCompile>
    <ClCompile Include="idthook.c">
      <Filter>Source Files</Filter>
    </ClCompile>
    <ClCompile Include="..\Commons\crypto.c">
      <Filter>Source Files\Commons</Filter>
    </ClCompile>
    <ClCompile Include="..\Commons\GostHash.c">
      <Filter>Source Files\Commons</Filter>
    </ClCompile>
  </ItemGroup>
  <ItemGroup>
    <ClInclude Include="driver.h">
      <Filter>Header Files</Filter>
    </ClInclude>
    <ClInclude Include="trace.h">
      <Filter>Header Files</Filter>
    </ClInclude>
    <ClInclude Include="dispatch.h">
      <Filter>Header Files</Filter>
    </ClInclude>
    <ClInclude Include="defines.h">
      <Filter>Header Files</Filter>
    </ClInclude>
    <ClInclude Include="functions.h">
      <Filter>Header Files</Filter>
    </ClInclude>
    <ClInclude Include="sha.h">
      <Filter>Header Files</Filter>
    </ClInclude>
    <ClInclude Include="controlfunctions.h">
      <Filter>Header Files</Filter>
    </ClInclude>
    <ClInclude Include="..\Commons\defineKbFr.h">
      <Filter>Header Files\Commons</Filter>
    </ClInclude>
    <ClInclude Include="idthook.h">
      <Filter>Header Files</Filter>
    </ClInclude>
    <ClInclude Include="..\Commons\crypto.h">
      <Filter>Header Files\Commons</Filter>
    </ClInclude>
    <ClInclude Include="..\Commons\defines_common.h">
      <Filter>Header Files\Commons</Filter>
    </ClInclude>
    <ClInclude Include="..\Commons\GostHash.h">
      <Filter>Header Files\Commons</Filter>
    </ClInclude>
  </ItemGroup>
  <ItemGroup>
    <None Include="driver.ctl">
      <Filter>Resource Files</Filter>
    </None>
  </ItemGroup>
  <ItemGroup>
    <Text Include="README.txt">
      <Filter>Resource Files</Filter>
    </Text>
    <Text Include="licence.txt">
      <Filter>Resource Files</Filter>
    </Text>
  </ItemGroup>
  <ItemGroup>
    <Inf Include="gostxboard.inf">
      <Filter>Driver Files</Filter>
    </Inf>
  </ItemGroup>
</Project>